// !$*UTF8*$!
{
	archiveVersion = 1;
	classes = {
	};
	objectVersion = 46;
	objects = {

/* Begin PBXBuildFile section */
		D216D2861945D4A300883524 /* Foundation.framework in Frameworks */ = {isa = PBXBuildFile; fileRef = D216D2851945D4A300883524 /* Foundation.framework */; };
		D216D2881945D4A300883524 /* CoreGraphics.framework in Frameworks */ = {isa = PBXBuildFile; fileRef = D216D2871945D4A300883524 /* CoreGraphics.framework */; };
		D216D28A1945D4A300883524 /* UIKit.framework in Frameworks */ = {isa = PBXBuildFile; fileRef = D216D2891945D4A300883524 /* UIKit.framework */; };
		D216D2901945D4A400883524 /* InfoPlist.strings in Resources */ = {isa = PBXBuildFile; fileRef = D216D28E1945D4A400883524 /* InfoPlist.strings */; };
		D216D2921945D4A400883524 /* main.m in Sources */ = {isa = PBXBuildFile; fileRef = D216D2911945D4A400883524 /* main.m */; };
		D216D2961945D4A400883524 /* AppDelegate.m in Sources */ = {isa = PBXBuildFile; fileRef = D216D2951945D4A400883524 /* AppDelegate.m */; };
		D216D2991945D4A400883524 /* Main.storyboard in Resources */ = {isa = PBXBuildFile; fileRef = D216D2971945D4A400883524 /* Main.storyboard */; };
		D216D29E1945D4A400883524 /* Images.xcassets in Resources */ = {isa = PBXBuildFile; fileRef = D216D29D1945D4A400883524 /* Images.xcassets */; };
		D216D2A51945D4A400883524 /* XCTest.framework in Frameworks */ = {isa = PBXBuildFile; fileRef = D216D2A41945D4A400883524 /* XCTest.framework */; };
		D216D2A61945D4A400883524 /* Foundation.framework in Frameworks */ = {isa = PBXBuildFile; fileRef = D216D2851945D4A300883524 /* Foundation.framework */; };
		D216D2A71945D4A400883524 /* UIKit.framework in Frameworks */ = {isa = PBXBuildFile; fileRef = D216D2891945D4A300883524 /* UIKit.framework */; };
		D216D2AF1945D4A400883524 /* InfoPlist.strings in Resources */ = {isa = PBXBuildFile; fileRef = D216D2AD1945D4A400883524 /* InfoPlist.strings */; };
		D216D2B11945D4A400883524 /* HubPilotsTests.m in Sources */ = {isa = PBXBuildFile; fileRef = D216D2B01945D4A400883524 /* HubPilotsTests.m */; };
		D216D2C21945D6A200883524 /* QuestionViewController.m in Sources */ = {isa = PBXBuildFile; fileRef = D216D2C11945D6A200883524 /* QuestionViewController.m */; };
		D216D2C51945D6B700883524 /* QuestionModel.m in Sources */ = {isa = PBXBuildFile; fileRef = D216D2C41945D6B700883524 /* QuestionModel.m */; };
		D216D2C81945D6CC00883524 /* MenuViewController.m in Sources */ = {isa = PBXBuildFile; fileRef = D216D2C71945D6CC00883524 /* MenuViewController.m */; };
		D216D2CB1945D6E000883524 /* MenuModel.m in Sources */ = {isa = PBXBuildFile; fileRef = D216D2CA1945D6E000883524 /* MenuModel.m */; };
		D216D2CE1945D6FC00883524 /* AboutViewController.m in Sources */ = {isa = PBXBuildFile; fileRef = D216D2CD1945D6FC00883524 /* AboutViewController.m */; };
		D216D2D11945D71000883524 /* RemoveAdsViewController.m in Sources */ = {isa = PBXBuildFile; fileRef = D216D2D01945D71000883524 /* RemoveAdsViewController.m */; };
		D216D2D41945D72000883524 /* StatsViewController.m in Sources */ = {isa = PBXBuildFile; fileRef = D216D2D31945D72000883524 /* StatsViewController.m */; };
		D216D2D71945D73000883524 /* StatsModel.m in Sources */ = {isa = PBXBuildFile; fileRef = D216D2D61945D73000883524 /* StatsModel.m */; };
		D216D2DA1945D7A600883524 /* SWRevealViewController.m in Sources */ = {isa = PBXBuildFile; fileRef = D216D2D91945D7A600883524 /* SWRevealViewController.m */; };
		D216D2DD1945DA5B00883524 /* MenuItem.m in Sources */ = {isa = PBXBuildFile; fileRef = D216D2DC1945DA5B00883524 /* MenuItem.m */; };
		D216D2E01945E70600883524 /* Question.m in Sources */ = {isa = PBXBuildFile; fileRef = D216D2DF1945E70600883524 /* Question.m */; };
/* End PBXBuildFile section */

/* Begin PBXContainerItemProxy section */
		D216D2A81945D4A400883524 /* PBXContainerItemProxy */ = {
			isa = PBXContainerItemProxy;
			containerPortal = D216D27A1945D4A300883524 /* Project object */;
			proxyType = 1;
			remoteGlobalIDString = D216D2811945D4A300883524;
			remoteInfo = HubPilots;
		};
/* End PBXContainerItemProxy section */

/* Begin PBXFileReference section */
		D216D2821945D4A300883524 /* HubPilots.app */ = {isa = PBXFileReference; explicitFileType = wrapper.application; includeInIndex = 0; path = HubPilots.app; sourceTree = BUILT_PRODUCTS_DIR; };
		D216D2851945D4A300883524 /* Foundation.framework */ = {isa = PBXFileReference; lastKnownFileType = wrapper.framework; name = Foundation.framework; path = System/Library/Frameworks/Foundation.framework; sourceTree = SDKROOT; };
		D216D2871945D4A300883524 /* CoreGraphics.framework */ = {isa = PBXFileReference; lastKnownFileType = wrapper.framework; name = CoreGraphics.framework; path = System/Library/Frameworks/CoreGraphics.framework; sourceTree = SDKROOT; };
		D216D2891945D4A300883524 /* UIKit.framework */ = {isa = PBXFileReference; lastKnownFileType = wrapper.framework; name = UIKit.framework; path = System/Library/Frameworks/UIKit.framework; sourceTree = SDKROOT; };
		D216D28D1945D4A400883524 /* HubPilots-Info.plist */ = {isa = PBXFileReference; lastKnownFileType = text.plist.xml; path = "HubPilots-Info.plist"; sourceTree = "<group>"; };
		D216D28F1945D4A400883524 /* en */ = {isa = PBXFileReference; lastKnownFileType = text.plist.strings; name = en; path = en.lproj/InfoPlist.strings; sourceTree = "<group>"; };
		D216D2911945D4A400883524 /* main.m */ = {isa = PBXFileReference; lastKnownFileType = sourcecode.c.objc; path = main.m; sourceTree = "<group>"; };
		D216D2931945D4A400883524 /* HubPilots-Prefix.pch */ = {isa = PBXFileReference; lastKnownFileType = sourcecode.c.h; path = "HubPilots-Prefix.pch"; sourceTree = "<group>"; };
		D216D2941945D4A400883524 /* AppDelegate.h */ = {isa = PBXFileReference; lastKnownFileType = sourcecode.c.h; path = AppDelegate.h; sourceTree = "<group>"; };
		D216D2951945D4A400883524 /* AppDelegate.m */ = {isa = PBXFileReference; lastKnownFileType = sourcecode.c.objc; path = AppDelegate.m; sourceTree = "<group>"; };
		D216D2981945D4A400883524 /* Base */ = {isa = PBXFileReference; lastKnownFileType = file.storyboard; name = Base; path = Base.lproj/Main.storyboard; sourceTree = "<group>"; };
		D216D29D1945D4A400883524 /* Images.xcassets */ = {isa = PBXFileReference; lastKnownFileType = folder.assetcatalog; path = Images.xcassets; sourceTree = "<group>"; };
		D216D2A31945D4A400883524 /* HubPilotsTests.xctest */ = {isa = PBXFileReference; explicitFileType = wrapper.cfbundle; includeInIndex = 0; path = HubPilotsTests.xctest; sourceTree = BUILT_PRODUCTS_DIR; };
		D216D2A41945D4A400883524 /* XCTest.framework */ = {isa = PBXFileReference; lastKnownFileType = wrapper.framework; name = XCTest.framework; path = Library/Frameworks/XCTest.framework; sourceTree = DEVELOPER_DIR; };
		D216D2AC1945D4A400883524 /* HubPilotsTests-Info.plist */ = {isa = PBXFileReference; lastKnownFileType = text.plist.xml; path = "HubPilotsTests-Info.plist"; sourceTree = "<group>"; };
		D216D2AE1945D4A400883524 /* en */ = {isa = PBXFileReference; lastKnownFileType = text.plist.strings; name = en; path = en.lproj/InfoPlist.strings; sourceTree = "<group>"; };
		D216D2B01945D4A400883524 /* HubPilotsTests.m */ = {isa = PBXFileReference; lastKnownFileType = sourcecode.c.objc; path = HubPilotsTests.m; sourceTree = "<group>"; };
		D216D2C01945D6A200883524 /* QuestionViewController.h */ = {isa = PBXFileReference; fileEncoding = 4; lastKnownFileType = sourcecode.c.h; name = QuestionViewController.h; path = Question/QuestionViewController.h; sourceTree = "<group>"; };
		D216D2C11945D6A200883524 /* QuestionViewController.m */ = {isa = PBXFileReference; fileEncoding = 4; lastKnownFileType = sourcecode.c.objc; name = QuestionViewController.m; path = Question/QuestionViewController.m; sourceTree = "<group>"; };
		D216D2C31945D6B700883524 /* QuestionModel.h */ = {isa = PBXFileReference; fileEncoding = 4; lastKnownFileType = sourcecode.c.h; name = QuestionModel.h; path = Question/QuestionModel.h; sourceTree = "<group>"; };
		D216D2C41945D6B700883524 /* QuestionModel.m */ = {isa = PBXFileReference; fileEncoding = 4; lastKnownFileType = sourcecode.c.objc; name = QuestionModel.m; path = Question/QuestionModel.m; sourceTree = "<group>"; };
		D216D2C61945D6CC00883524 /* MenuViewController.h */ = {isa = PBXFileReference; fileEncoding = 4; lastKnownFileType = sourcecode.c.h; name = MenuViewController.h; path = Menu/MenuViewController.h; sourceTree = "<group>"; };
		D216D2C71945D6CC00883524 /* MenuViewController.m */ = {isa = PBXFileReference; fileEncoding = 4; lastKnownFileType = sourcecode.c.objc; name = MenuViewController.m; path = Menu/MenuViewController.m; sourceTree = "<group>"; };
		D216D2C91945D6E000883524 /* MenuModel.h */ = {isa = PBXFileReference; fileEncoding = 4; lastKnownFileType = sourcecode.c.h; name = MenuModel.h; path = Menu/MenuModel.h; sourceTree = "<group>"; };
		D216D2CA1945D6E000883524 /* MenuModel.m */ = {isa = PBXFileReference; fileEncoding = 4; lastKnownFileType = sourcecode.c.objc; name = MenuModel.m; path = Menu/MenuModel.m; sourceTree = "<group>"; };
		D216D2CC1945D6FC00883524 /* AboutViewController.h */ = {isa = PBXFileReference; fileEncoding = 4; lastKnownFileType = sourcecode.c.h; name = AboutViewController.h; path = About/AboutViewController.h; sourceTree = "<group>"; };
		D216D2CD1945D6FC00883524 /* AboutViewController.m */ = {isa = PBXFileReference; fileEncoding = 4; lastKnownFileType = sourcecode.c.objc; name = AboutViewController.m; path = About/AboutViewController.m; sourceTree = "<group>"; };
		D216D2CF1945D71000883524 /* RemoveAdsViewController.h */ = {isa = PBXFileReference; fileEncoding = 4; lastKnownFileType = sourcecode.c.h; name = RemoveAdsViewController.h; path = RemoveAds/RemoveAdsViewController.h; sourceTree = "<group>"; };
		D216D2D01945D71000883524 /* RemoveAdsViewController.m */ = {isa = PBXFileReference; fileEncoding = 4; lastKnownFileType = sourcecode.c.objc; name = RemoveAdsViewController.m; path = RemoveAds/RemoveAdsViewController.m; sourceTree = "<group>"; };
		D216D2D21945D72000883524 /* StatsViewController.h */ = {isa = PBXFileReference; fileEncoding = 4; lastKnownFileType = sourcecode.c.h; name = StatsViewController.h; path = Stats/StatsViewController.h; sourceTree = "<group>"; };
		D216D2D31945D72000883524 /* StatsViewController.m */ = {isa = PBXFileReference; fileEncoding = 4; lastKnownFileType = sourcecode.c.objc; name = StatsViewController.m; path = Stats/StatsViewController.m; sourceTree = "<group>"; };
		D216D2D51945D73000883524 /* StatsModel.h */ = {isa = PBXFileReference; fileEncoding = 4; lastKnownFileType = sourcecode.c.h; name = StatsModel.h; path = Stats/StatsModel.h; sourceTree = "<group>"; };
		D216D2D61945D73000883524 /* StatsModel.m */ = {isa = PBXFileReference; fileEncoding = 4; lastKnownFileType = sourcecode.c.objc; name = StatsModel.m; path = Stats/StatsModel.m; sourceTree = "<group>"; };
		D216D2D81945D7A600883524 /* SWRevealViewController.h */ = {isa = PBXFileReference; fileEncoding = 4; lastKnownFileType = sourcecode.c.h; name = SWRevealViewController.h; path = Reveal/SWRevealViewController.h; sourceTree = "<group>"; };
		D216D2D91945D7A600883524 /* SWRevealViewController.m */ = {isa = PBXFileReference; fileEncoding = 4; lastKnownFileType = sourcecode.c.objc; name = SWRevealViewController.m; path = Reveal/SWRevealViewController.m; sourceTree = "<group>"; };
		D216D2DB1945DA5B00883524 /* MenuItem.h */ = {isa = PBXFileReference; fileEncoding = 4; lastKnownFileType = sourcecode.c.h; name = MenuItem.h; path = Menu/MenuItem.h; sourceTree = "<group>"; };
		D216D2DC1945DA5B00883524 /* MenuItem.m */ = {isa = PBXFileReference; fileEncoding = 4; lastKnownFileType = sourcecode.c.objc; name = MenuItem.m; path = Menu/MenuItem.m; sourceTree = "<group>"; };
		D216D2DE1945E70600883524 /* Question.h */ = {isa = PBXFileReference; fileEncoding = 4; lastKnownFileType = sourcecode.c.h; name = Question.h; path = Question/Question.h; sourceTree = "<group>"; };
		D216D2DF1945E70600883524 /* Question.m */ = {isa = PBXFileReference; fileEncoding = 4; lastKnownFileType = sourcecode.c.objc; name = Question.m; path = Question/Question.m; sourceTree = "<group>"; };
/* End PBXFileReference section */

/* Begin PBXFrameworksBuildPhase section */
		D216D27F1945D4A300883524 /* Frameworks */ = {
			isa = PBXFrameworksBuildPhase;
			buildActionMask = 2147483647;
			files = (
				D216D2881945D4A300883524 /* CoreGraphics.framework in Frameworks */,
				D216D28A1945D4A300883524 /* UIKit.framework in Frameworks */,
				D216D2861945D4A300883524 /* Foundation.framework in Frameworks */,
			);
			runOnlyForDeploymentPostprocessing = 0;
		};
		D216D2A01945D4A400883524 /* Frameworks */ = {
			isa = PBXFrameworksBuildPhase;
			buildActionMask = 2147483647;
			files = (
				D216D2A51945D4A400883524 /* XCTest.framework in Frameworks */,
				D216D2A71945D4A400883524 /* UIKit.framework in Frameworks */,
				D216D2A61945D4A400883524 /* Foundation.framework in Frameworks */,
			);
			runOnlyForDeploymentPostprocessing = 0;
		};
/* End PBXFrameworksBuildPhase section */

/* Begin PBXGroup section */
		D216D2791945D4A300883524 = {
			isa = PBXGroup;
			children = (
				D216D28B1945D4A300883524 /* HubPilots */,
				D216D2AA1945D4A400883524 /* HubPilotsTests */,
				D216D2841945D4A300883524 /* Frameworks */,
				D216D2831945D4A300883524 /* Products */,
			);
			sourceTree = "<group>";
		};
		D216D2831945D4A300883524 /* Products */ = {
			isa = PBXGroup;
			children = (
				D216D2821945D4A300883524 /* HubPilots.app */,
				D216D2A31945D4A400883524 /* HubPilotsTests.xctest */,
			);
			name = Products;
			sourceTree = "<group>";
		};
		D216D2841945D4A300883524 /* Frameworks */ = {
			isa = PBXGroup;
			children = (
				D216D2851945D4A300883524 /* Foundation.framework */,
				D216D2871945D4A300883524 /* CoreGraphics.framework */,
				D216D2891945D4A300883524 /* UIKit.framework */,
				D216D2A41945D4A400883524 /* XCTest.framework */,
			);
			name = Frameworks;
			sourceTree = "<group>";
		};
		D216D28B1945D4A300883524 /* HubPilots */ = {
			isa = PBXGroup;
			children = (
				D216D2941945D4A400883524 /* AppDelegate.h */,
				D216D2951945D4A400883524 /* AppDelegate.m */,
				D216D2971945D4A400883524 /* Main.storyboard */,
				D216D2BF1945D57300883524 /* RemoveAds */,
				D216D2BE1945D56D00883524 /* About */,
				D216D2BD1945D56900883524 /* Menu */,
				D216D2BC1945D55E00883524 /* Stats */,
				D216D2BB1945D54400883524 /* Questions */,
				D216D2BA1945D52E00883524 /* Reveal */,
				D216D29D1945D4A400883524 /* Images.xcassets */,
				D216D28C1945D4A300883524 /* Supporting Files */,
			);
			path = HubPilots;
			sourceTree = "<group>";
		};
		D216D28C1945D4A300883524 /* Supporting Files */ = {
			isa = PBXGroup;
			children = (
				D216D28D1945D4A400883524 /* HubPilots-Info.plist */,
				D216D28E1945D4A400883524 /* InfoPlist.strings */,
				D216D2911945D4A400883524 /* main.m */,
				D216D2931945D4A400883524 /* HubPilots-Prefix.pch */,
			);
			name = "Supporting Files";
			sourceTree = "<group>";
		};
		D216D2AA1945D4A400883524 /* HubPilotsTests */ = {
			isa = PBXGroup;
			children = (
				D216D2B01945D4A400883524 /* HubPilotsTests.m */,
				D216D2AB1945D4A400883524 /* Supporting Files */,
			);
			path = HubPilotsTests;
			sourceTree = "<group>";
		};
		D216D2AB1945D4A400883524 /* Supporting Files */ = {
			isa = PBXGroup;
			children = (
				D216D2AC1945D4A400883524 /* HubPilotsTests-Info.plist */,
				D216D2AD1945D4A400883524 /* InfoPlist.strings */,
			);
			name = "Supporting Files";
			sourceTree = "<group>";
		};
		D216D2BA1945D52E00883524 /* Reveal */ = {
			isa = PBXGroup;
			children = (
				D216D2D81945D7A600883524 /* SWRevealViewController.h */,
				D216D2D91945D7A600883524 /* SWRevealViewController.m */,
			);
			name = Reveal;
			sourceTree = "<group>";
		};
		D216D2BB1945D54400883524 /* Questions */ = {
			isa = PBXGroup;
			children = (
				D216D2C01945D6A200883524 /* QuestionViewController.h */,
				D216D2C11945D6A200883524 /* QuestionViewController.m */,
				D216D2C31945D6B700883524 /* QuestionModel.h */,
				D216D2C41945D6B700883524 /* QuestionModel.m */,
				D216D2DE1945E70600883524 /* Question.h */,
				D216D2DF1945E70600883524 /* Question.m */,
			);
			name = Questions;
			sourceTree = "<group>";
		};
		D216D2BC1945D55E00883524 /* Stats */ = {
			isa = PBXGroup;
			children = (
				D216D2D21945D72000883524 /* StatsViewController.h */,
				D216D2D31945D72000883524 /* StatsViewController.m */,
				D216D2D51945D73000883524 /* StatsModel.h */,
				D216D2D61945D73000883524 /* StatsModel.m */,
			);
			name = Stats;
			sourceTree = "<group>";
		};
		D216D2BD1945D56900883524 /* Menu */ = {
			isa = PBXGroup;
			children = (
				D216D2C61945D6CC00883524 /* MenuViewController.h */,
				D216D2C71945D6CC00883524 /* MenuViewController.m */,
				D216D2C91945D6E000883524 /* MenuModel.h */,
				D216D2CA1945D6E000883524 /* MenuModel.m */,
				D216D2DB1945DA5B00883524 /* MenuItem.h */,
				D216D2DC1945DA5B00883524 /* MenuItem.m */,
			);
			name = Menu;
			sourceTree = "<group>";
		};
		D216D2BE1945D56D00883524 /* About */ = {
			isa = PBXGroup;
			children = (
				D216D2CC1945D6FC00883524 /* AboutViewController.h */,
				D216D2CD1945D6FC00883524 /* AboutViewController.m */,
			);
			name = About;
			sourceTree = "<group>";
		};
		D216D2BF1945D57300883524 /* RemoveAds */ = {
			isa = PBXGroup;
			children = (
				D216D2CF1945D71000883524 /* RemoveAdsViewController.h */,
				D216D2D01945D71000883524 /* RemoveAdsViewController.m */,
			);
			name = RemoveAds;
			sourceTree = "<group>";
		};
/* End PBXGroup section */

/* Begin PBXNativeTarget section */
		D216D2811945D4A300883524 /* HubPilots */ = {
			isa = PBXNativeTarget;
			buildConfigurationList = D216D2B41945D4A400883524 /* Build configuration list for PBXNativeTarget "HubPilots" */;
			buildPhases = (
				D216D27E1945D4A300883524 /* Sources */,
				D216D27F1945D4A300883524 /* Frameworks */,
				D216D2801945D4A300883524 /* Resources */,
			);
			buildRules = (
			);
			dependencies = (
			);
			name = HubPilots;
			productName = HubPilots;
			productReference = D216D2821945D4A300883524 /* HubPilots.app */;
			productType = "com.apple.product-type.application";
		};
		D216D2A21945D4A400883524 /* HubPilotsTests */ = {
			isa = PBXNativeTarget;
			buildConfigurationList = D216D2B71945D4A400883524 /* Build configuration list for PBXNativeTarget "HubPilotsTests" */;
			buildPhases = (
				D216D29F1945D4A400883524 /* Sources */,
				D216D2A01945D4A400883524 /* Frameworks */,
				D216D2A11945D4A400883524 /* Resources */,
			);
			buildRules = (
			);
			dependencies = (
				D216D2A91945D4A400883524 /* PBXTargetDependency */,
			);
			name = HubPilotsTests;
			productName = HubPilotsTests;
			productReference = D216D2A31945D4A400883524 /* HubPilotsTests.xctest */;
			productType = "com.apple.product-type.bundle.unit-test";
		};
/* End PBXNativeTarget section */

/* Begin PBXProject section */
		D216D27A1945D4A300883524 /* Project object */ = {
			isa = PBXProject;
			attributes = {
				LastUpgradeCheck = 0510;
				ORGANIZATIONNAME = "Denis Kimura";
				TargetAttributes = {
					D216D2A21945D4A400883524 = {
						TestTargetID = D216D2811945D4A300883524;
					};
				};
			};
			buildConfigurationList = D216D27D1945D4A300883524 /* Build configuration list for PBXProject "HubPilots" */;
			compatibilityVersion = "Xcode 3.2";
			developmentRegion = English;
			hasScannedForEncodings = 0;
			knownRegions = (
				en,
				Base,
			);
			mainGroup = D216D2791945D4A300883524;
			productRefGroup = D216D2831945D4A300883524 /* Products */;
			projectDirPath = "";
			projectRoot = "";
			targets = (
				D216D2811945D4A300883524 /* HubPilots */,
				D216D2A21945D4A400883524 /* HubPilotsTests */,
			);
		};
/* End PBXProject section */

/* Begin PBXResourcesBuildPhase section */
		D216D2801945D4A300883524 /* Resources */ = {
			isa = PBXResourcesBuildPhase;
			buildActionMask = 2147483647;
			files = (
				D216D29E1945D4A400883524 /* Images.xcassets in Resources */,
				D216D2901945D4A400883524 /* InfoPlist.strings in Resources */,
				D216D2991945D4A400883524 /* Main.storyboard in Resources */,
			);
			runOnlyForDeploymentPostprocessing = 0;
		};
		D216D2A11945D4A400883524 /* Resources */ = {
			isa = PBXResourcesBuildPhase;
			buildActionMask = 2147483647;
			files = (
				D216D2AF1945D4A400883524 /* InfoPlist.strings in Resources */,
			);
			runOnlyForDeploymentPostprocessing = 0;
		};
/* End PBXResourcesBuildPhase section */

/* Begin PBXSourcesBuildPhase section */
		D216D27E1945D4A300883524 /* Sources */ = {
			isa = PBXSourcesBuildPhase;
			buildActionMask = 2147483647;
			files = (
				D216D2961945D4A400883524 /* AppDelegate.m in Sources */,
				D216D2E01945E70600883524 /* Question.m in Sources */,
				D216D2D11945D71000883524 /* RemoveAdsViewController.m in Sources */,
				D216D2921945D4A400883524 /* main.m in Sources */,
				D216D2C21945D6A200883524 /* QuestionViewController.m in Sources */,
				D216D2CE1945D6FC00883524 /* AboutViewController.m in Sources */,
				D216D2C51945D6B700883524 /* QuestionModel.m in Sources */,
				D216D2CB1945D6E000883524 /* MenuModel.m in Sources */,
				D216D2C81945D6CC00883524 /* MenuViewController.m in Sources */,
				D216D2DA1945D7A600883524 /* SWRevealViewController.m in Sources */,
				D216D2DD1945DA5B00883524 /* MenuItem.m in Sources */,
				D216D2D41945D72000883524 /* StatsViewController.m in Sources */,
				D216D2D71945D73000883524 /* StatsModel.m in Sources */,
			);
			runOnlyForDeploymentPostprocessing = 0;
		};
		D216D29F1945D4A400883524 /* Sources */ = {
			isa = PBXSourcesBuildPhase;
			buildActionMask = 2147483647;
			files = (
				D216D2B11945D4A400883524 /* HubPilotsTests.m in Sources */,
			);
			runOnlyForDeploymentPostprocessing = 0;
		};
/* End PBXSourcesBuildPhase section */

/* Begin PBXTargetDependency section */
		D216D2A91945D4A400883524 /* PBXTargetDependency */ = {
			isa = PBXTargetDependency;
			target = D216D2811945D4A300883524 /* HubPilots */;
			targetProxy = D216D2A81945D4A400883524 /* PBXContainerItemProxy */;
		};
/* End PBXTargetDependency section */

/* Begin PBXVariantGroup section */
		D216D28E1945D4A400883524 /* InfoPlist.strings */ = {
			isa = PBXVariantGroup;
			children = (
				D216D28F1945D4A400883524 /* en */,
			);
			name = InfoPlist.strings;
			sourceTree = "<group>";
		};
		D216D2971945D4A400883524 /* Main.storyboard */ = {
			isa = PBXVariantGroup;
			children = (
				D216D2981945D4A400883524 /* Base */,
			);
			name = Main.storyboard;
			sourceTree = "<group>";
		};
		D216D2AD1945D4A400883524 /* InfoPlist.strings */ = {
			isa = PBXVariantGroup;
			children = (
				D216D2AE1945D4A400883524 /* en */,
			);
			name = InfoPlist.strings;
			sourceTree = "<group>";
		};
/* End PBXVariantGroup section */

/* Begin XCBuildConfiguration section */
		D216D2B21945D4A400883524 /* Debug */ = {
			isa = XCBuildConfiguration;
			buildSettings = {
				ALWAYS_SEARCH_USER_PATHS = NO;
				CLANG_CXX_LANGUAGE_STANDARD = "gnu++0x";
				CLANG_CXX_LIBRARY = "libc++";
				CLANG_ENABLE_MODULES = YES;
				CLANG_ENABLE_OBJC_ARC = YES;
				CLANG_WARN_BOOL_CONVERSION = YES;
				CLANG_WARN_CONSTANT_CONVERSION = YES;
				CLANG_WARN_DIRECT_OBJC_ISA_USAGE = YES_ERROR;
				CLANG_WARN_EMPTY_BODY = YES;
				CLANG_WARN_ENUM_CONVERSION = YES;
				CLANG_WARN_INT_CONVERSION = YES;
				CLANG_WARN_OBJC_ROOT_CLASS = YES_ERROR;
				CLANG_WARN__DUPLICATE_METHOD_MATCH = YES;
				"CODE_SIGN_IDENTITY[sdk=iphoneos*]" = "iPhone Developer";
				COPY_PHASE_STRIP = NO;
				GCC_C_LANGUAGE_STANDARD = gnu99;
				GCC_DYNAMIC_NO_PIC = NO;
				GCC_OPTIMIZATION_LEVEL = 0;
				GCC_PREPROCESSOR_DEFINITIONS = (
					"DEBUG=1",
					"$(inherited)",
				);
				GCC_SYMBOLS_PRIVATE_EXTERN = NO;
				GCC_WARN_64_TO_32_BIT_CONVERSION = YES;
				GCC_WARN_ABOUT_RETURN_TYPE = YES_ERROR;
				GCC_WARN_UNDECLARED_SELECTOR = YES;
				GCC_WARN_UNINITIALIZED_AUTOS = YES_AGGRESSIVE;
				GCC_WARN_UNUSED_FUNCTION = YES;
				GCC_WARN_UNUSED_VARIABLE = YES;
				IPHONEOS_DEPLOYMENT_TARGET = 7.1;
				ONLY_ACTIVE_ARCH = YES;
				SDKROOT = iphoneos;
			};
			name = Debug;
		};
		D216D2B31945D4A400883524 /* Release */ = {
			isa = XCBuildConfiguration;
			buildSettings = {
				ALWAYS_SEARCH_USER_PATHS = NO;
				CLANG_CXX_LANGUAGE_STANDARD = "gnu++0x";
				CLANG_CXX_LIBRARY = "libc++";
				CLANG_ENABLE_MODULES = YES;
				CLANG_ENABLE_OBJC_ARC = YES;
				CLANG_WARN_BOOL_CONVERSION = YES;
				CLANG_WARN_CONSTANT_CONVERSION = YES;
				CLANG_WARN_DIRECT_OBJC_ISA_USAGE = YES_ERROR;
				CLANG_WARN_EMPTY_BODY = YES;
				CLANG_WARN_ENUM_CONVERSION = YES;
				CLANG_WARN_INT_CONVERSION = YES;
				CLANG_WARN_OBJC_ROOT_CLASS = YES_ERROR;
				CLANG_WARN__DUPLICATE_METHOD_MATCH = YES;
				"CODE_SIGN_IDENTITY[sdk=iphoneos*]" = "iPhone Developer";
				COPY_PHASE_STRIP = YES;
				ENABLE_NS_ASSERTIONS = NO;
				GCC_C_LANGUAGE_STANDARD = gnu99;
				GCC_WARN_64_TO_32_BIT_CONVERSION = YES;
				GCC_WARN_ABOUT_RETURN_TYPE = YES_ERROR;
				GCC_WARN_UNDECLARED_SELECTOR = YES;
				GCC_WARN_UNINITIALIZED_AUTOS = YES_AGGRESSIVE;
				GCC_WARN_UNUSED_FUNCTION = YES;
				GCC_WARN_UNUSED_VARIABLE = YES;
				IPHONEOS_DEPLOYMENT_TARGET = 7.1;
				SDKROOT = iphoneos;
				VALIDATE_PRODUCT = YES;
			};
			name = Release;
		};
		D216D2B51945D4A400883524 /* Debug */ = {
			isa = XCBuildConfiguration;
			buildSettings = {
				ASSETCATALOG_COMPILER_APPICON_NAME = AppIcon;
				ASSETCATALOG_COMPILER_LAUNCHIMAGE_NAME = LaunchImage;
				GCC_PRECOMPILE_PREFIX_HEADER = YES;
				GCC_PREFIX_HEADER = "HubPilots/HubPilots-Prefix.pch";
				INFOPLIST_FILE = "HubPilots/HubPilots-Info.plist";
				PRODUCT_NAME = "$(TARGET_NAME)";
				WRAPPER_EXTENSION = app;
			};
			name = Debug;
		};
		D216D2B61945D4A400883524 /* Release */ = {
			isa = XCBuildConfiguration;
			buildSettings = {
				ASSETCATALOG_COMPILER_APPICON_NAME = AppIcon;
				ASSETCATALOG_COMPILER_LAUNCHIMAGE_NAME = LaunchImage;
				GCC_PRECOMPILE_PREFIX_HEADER = YES;
				GCC_PREFIX_HEADER = "HubPilots/HubPilots-Prefix.pch";
				INFOPLIST_FILE = "HubPilots/HubPilots-Info.plist";
				PRODUCT_NAME = "$(TARGET_NAME)";
				WRAPPER_EXTENSION = app;
			};
			name = Release;
		};
		D216D2B81945D4A400883524 /* Debug */ = {
			isa = XCBuildConfiguration;
			buildSettings = {
				BUNDLE_LOADER = "$(BUILT_PRODUCTS_DIR)/HubPilots.app/HubPilots";
				FRAMEWORK_SEARCH_PATHS = (
					"$(SDKROOT)/Developer/Library/Frameworks",
					"$(inherited)",
					"$(DEVELOPER_FRAMEWORKS_DIR)",
				);
				GCC_PRECOMPILE_PREFIX_HEADER = YES;
				GCC_PREFIX_HEADER = "HubPilots/HubPilots-Prefix.pch";
				GCC_PREPROCESSOR_DEFINITIONS = (
					"DEBUG=1",
					"$(inherited)",
				);
				INFOPLIST_FILE = "HubPilotsTests/HubPilotsTests-Info.plist";
				PRODUCT_NAME = "$(TARGET_NAME)";
				TEST_HOST = "$(BUNDLE_LOADER)";
				WRAPPER_EXTENSION = xctest;
			};
			name = Debug;
		};
		D216D2B91945D4A400883524 /* Release */ = {
			isa = XCBuildConfiguration;
			buildSettings = {
				BUNDLE_LOADER = "$(BUILT_PRODUCTS_DIR)/HubPilots.app/HubPilots";
				FRAMEWORK_SEARCH_PATHS = (
					"$(SDKROOT)/Developer/Library/Frameworks",
					"$(inherited)",
					"$(DEVELOPER_FRAMEWORKS_DIR)",
				);
				GCC_PRECOMPILE_PREFIX_HEADER = YES;
				GCC_PREFIX_HEADER = "HubPilots/HubPilots-Prefix.pch";
				INFOPLIST_FILE = "HubPilotsTests/HubPilotsTests-Info.plist";
				PRODUCT_NAME = "$(TARGET_NAME)";
				TEST_HOST = "$(BUNDLE_LOADER)";
				WRAPPER_EXTENSION = xctest;
			};
			name = Release;
		};
/* End XCBuildConfiguration section */

/* Begin XCConfigurationList section */
		D216D27D1945D4A300883524 /* Build configuration list for PBXProject "HubPilots" */ = {
			isa = XCConfigurationList;
			buildConfigurations = (
				D216D2B21945D4A400883524 /* Debug */,
				D216D2B31945D4A400883524 /* Release */,
			);
			defaultConfigurationIsVisible = 0;
			defaultConfigurationName = Release;
		};
		D216D2B41945D4A400883524 /* Build configuration list for PBXNativeTarget "HubPilots" */ = {
			isa = XCConfigurationList;
			buildConfigurations = (
				D216D2B51945D4A400883524 /* Debug */,
				D216D2B61945D4A400883524 /* Release */,
			);
			defaultConfigurationIsVisible = 0;
			defaultConfigurationName = Release;
		};
		D216D2B71945D4A400883524 /* Build configuration list for PBXNativeTarget "HubPilotsTests" */ = {
			isa = XCConfigurationList;
			buildConfigurations = (
				D216D2B81945D4A400883524 /* Debug */,
				D216D2B91945D4A400883524 /* Release */,
			);
			defaultConfigurationIsVisible = 0;
			defaultConfigurationName = Release;
		};
/* End XCConfigurationList section */
	};
	rootObject = D216D27A1945D4A300883524 /* Project object */;
}
